
Microsoft Visual Studio Solution File, Format Version 12.00
# Visual Studio 15
VisualStudioVersion = 15.0.28010.2048
MinimumVisualStudioVersion = 10.0.40219.1
Project("{FAE04EC0-301F-11D3-BF4B-00C04F79EFBC}") = "ExampleGame", "ExampleGame\ExampleGame.csproj", "{A2F278FE-5214-4470-B918-748738FFF319}"
EndProject
Global
	GlobalSection(SolutionConfigurationPlatforms) = preSolution
		Debug|Any CPU = Debug|Any CPU
		Release|Any CPU = Release|Any CPU
	EndGlobalSection
	GlobalSection(ProjectConfigurationPlatforms) = postSolution
		{A2F278FE-5214-4470-B918-748738FFF319}.Debug|Any CPU.ActiveCfg = Debug|Any CPU
		{A2F278FE-5214-4470-B918-748738FFF319}.Debug|Any CPU.Build.0 = Debug|Any CPU
		{A2F278FE-5214-4470-B918-748738FFF319}.Release|Any CPU.ActiveCfg = Release|Any CPU
		{A2F278FE-5214-4470-B918-748738FFF319}.Release|Any CPU.Build.0 = Release|Any CPU
	EndGlobalSection
	GlobalSection(SolutionProperties) = preSolution
		HideSolutionNode = FALSE
	EndGlobalSection
	GlobalSection(ExtensibilityGlobals) = postSolution
		SolutionGuid = {88D8CA1B-DF53-434B-83EC-699A7E1DEE86}
	EndGlobalSection
EndGlobal
