
Microsoft Visual Studio Solution File, Format Version 12.00
# Visual Studio 15
VisualStudioVersion = 15.0.28010.2046
MinimumVisualStudioVersion = 10.0.40219.1
Project("{FAE04EC0-301F-11D3-BF4B-00C04F79EFBC}") = "Programming_in_C_Sharp_Background_Threading", "Programming_in_C_Sharp_Background_Threading\Programming_in_C_Sharp_Background_Threading.csproj", "{27BDAB7F-240B-475E-B3D5-B7C12948E1FD}"
EndProject
Global
	GlobalSection(SolutionConfigurationPlatforms) = preSolution
		Debug|Any CPU = Debug|Any CPU
		Release|Any CPU = Release|Any CPU
	EndGlobalSection
	GlobalSection(ProjectConfigurationPlatforms) = postSolution
		{27BDAB7F-240B-475E-B3D5-B7C12948E1FD}.Debug|Any CPU.ActiveCfg = Debug|Any CPU
		{27BDAB7F-240B-475E-B3D5-B7C12948E1FD}.Debug|Any CPU.Build.0 = Debug|Any CPU
		{27BDAB7F-240B-475E-B3D5-B7C12948E1FD}.Release|Any CPU.ActiveCfg = Release|Any CPU
		{27BDAB7F-240B-475E-B3D5-B7C12948E1FD}.Release|Any CPU.Build.0 = Release|Any CPU
	EndGlobalSection
	GlobalSection(SolutionProperties) = preSolution
		HideSolutionNode = FALSE
	EndGlobalSection
	GlobalSection(ExtensibilityGlobals) = postSolution
		SolutionGuid = {EBE44B48-4236-4BE2-ADC0-5485392D32F2}
	EndGlobalSection
EndGlobal
